
Microsoft Visual Studio Solution File, Format Version 12.00
# Visual Studio Version 16
VisualStudioVersion = 16.0.29709.97
MinimumVisualStudioVersion = 15.0.26124.0
Project("{FAE04EC0-301F-11D3-BF4B-00C04F79EFBC}") = "Dotnet.Linq.Example", "src\Dotnet.Linq.Example\Dotnet.Linq.Example.csproj", "{4FA06FE2-83CC-489B-9E4E-A57ADC5C7370}"
EndProject
Global
	GlobalSection(SolutionConfigurationPlatforms) = preSolution
		Debug|Any CPU = Debug|Any CPU
		Debug|x64 = Debug|x64
		Debug|x86 = Debug|x86
		Release|Any CPU = Release|Any CPU
		Release|x64 = Release|x64
		Release|x86 = Release|x86
	EndGlobalSection
	GlobalSection(ProjectConfigurationPlatforms) = postSolution
		{4FA06FE2-83CC-489B-9E4E-A57ADC5C7370}.Debug|Any CPU.ActiveCfg = Debug|Any CPU
		{4FA06FE2-83CC-489B-9E4E-A57ADC5C7370}.Debug|Any CPU.Build.0 = Debug|Any CPU
		{4FA06FE2-83CC-489B-9E4E-A57ADC5C7370}.Debug|x64.ActiveCfg = Debug|Any CPU
		{4FA06FE2-83CC-489B-9E4E-A57ADC5C7370}.Debug|x64.Build.0 = Debug|Any CPU
		{4FA06FE2-83CC-489B-9E4E-A57ADC5C7370}.Debug|x86.ActiveCfg = Debug|Any CPU
		{4FA06FE2-83CC-489B-9E4E-A57ADC5C7370}.Debug|x86.Build.0 = Debug|Any CPU
		{4FA06FE2-83CC-489B-9E4E-A57ADC5C7370}.Release|Any CPU.ActiveCfg = Release|Any CPU
		{4FA06FE2-83CC-489B-9E4E-A57ADC5C7370}.Release|Any CPU.Build.0 = Release|Any CPU
		{4FA06FE2-83CC-489B-9E4E-A57ADC5C7370}.Release|x64.ActiveCfg = Release|Any CPU
		{4FA06FE2-83CC-489B-9E4E-A57ADC5C7370}.Release|x64.Build.0 = Release|Any CPU
		{4FA06FE2-83CC-489B-9E4E-A57ADC5C7370}.Release|x86.ActiveCfg = Release|Any CPU
		{4FA06FE2-83CC-489B-9E4E-A57ADC5C7370}.Release|x86.Build.0 = Release|Any CPU
	EndGlobalSection
	GlobalSection(SolutionProperties) = preSolution
		HideSolutionNode = FALSE
	EndGlobalSection
	GlobalSection(ExtensibilityGlobals) = postSolution
		SolutionGuid = {5C46BD42-4321-4587-9A1C-76F2B3BF7558}
	EndGlobalSection
EndGlobal
